
Microsoft Visual Studio Solution File, Format Version 12.00
# Visual Studio 2013
VisualStudioVersion = 12.0.31101.0
MinimumVisualStudioVersion = 10.0.40219.1
Project("{FAE04EC0-301F-11D3-BF4B-00C04F79EFBC}") = "QuizArena", "QuizArena\QuizArena.csproj", "{31A54955-01AF-42EB-A9B7-413A1896858B}"
EndProject
Project("{2150E333-8FDC-42A3-9474-1A3956D46DE8}") = "Data", "Data", "{9F42E507-B102-4434-B463-1E4237E6B929}"
EndProject
Project("{FAE04EC0-301F-11D3-BF4B-00C04F79EFBC}") = "QuizArena.Data", "QuizArena.Data\QuizArena.Data.csproj", "{745DD774-1AAE-47AB-9FFF-90682A029416}"
EndProject
Project("{FAE04EC0-301F-11D3-BF4B-00C04F79EFBC}") = "QuizArena.Models", "QuizArena.Models\QuizArena.Models.csproj", "{A0B31F0A-7977-4928-A69B-692D88CA307C}"
EndProject
Global
	GlobalSection(SolutionConfigurationPlatforms) = preSolution
		Debug|Any CPU = Debug|Any CPU
		Release|Any CPU = Release|Any CPU
	EndGlobalSection
	GlobalSection(ProjectConfigurationPlatforms) = postSolution
		{31A54955-01AF-42EB-A9B7-413A1896858B}.Debug|Any CPU.ActiveCfg = Debug|Any CPU
		{31A54955-01AF-42EB-A9B7-413A1896858B}.Debug|Any CPU.Build.0 = Debug|Any CPU
		{31A54955-01AF-42EB-A9B7-413A1896858B}.Release|Any CPU.ActiveCfg = Release|Any CPU
		{31A54955-01AF-42EB-A9B7-413A1896858B}.Release|Any CPU.Build.0 = Release|Any CPU
		{745DD774-1AAE-47AB-9FFF-90682A029416}.Debug|Any CPU.ActiveCfg = Debug|Any CPU
		{745DD774-1AAE-47AB-9FFF-90682A029416}.Debug|Any CPU.Build.0 = Debug|Any CPU
		{745DD774-1AAE-47AB-9FFF-90682A029416}.Release|Any CPU.ActiveCfg = Release|Any CPU
		{745DD774-1AAE-47AB-9FFF-90682A029416}.Release|Any CPU.Build.0 = Release|Any CPU
		{A0B31F0A-7977-4928-A69B-692D88CA307C}.Debug|Any CPU.ActiveCfg = Debug|Any CPU
		{A0B31F0A-7977-4928-A69B-692D88CA307C}.Debug|Any CPU.Build.0 = Debug|Any CPU
		{A0B31F0A-7977-4928-A69B-692D88CA307C}.Release|Any CPU.ActiveCfg = Release|Any CPU
		{A0B31F0A-7977-4928-A69B-692D88CA307C}.Release|Any CPU.Build.0 = Release|Any CPU
	EndGlobalSection
	GlobalSection(SolutionProperties) = preSolution
		HideSolutionNode = FALSE
	EndGlobalSection
	GlobalSection(NestedProjects) = preSolution
		{745DD774-1AAE-47AB-9FFF-90682A029416} = {9F42E507-B102-4434-B463-1E4237E6B929}
		{A0B31F0A-7977-4928-A69B-692D88CA307C} = {9F42E507-B102-4434-B463-1E4237E6B929}
	EndGlobalSection
EndGlobal
